
Microsoft Visual Studio Solution File, Format Version 12.00
# Visual Studio Version 17
VisualStudioVersion = 17.3.32929.385
MinimumVisualStudioVersion = 10.0.40219.1
Project("{FAE04EC0-301F-11D3-BF4B-00C04F79EFBC}") = "ChooseOne.UWP", "ChooseOne.UWP\ChooseOne.UWP.csproj", "{0BF75801-8A61-49D9-A29E-5EDD6C155A1F}"
EndProject
Project("{9A19103F-16F7-4668-BE54-9A1E7A4F7556}") = "ChooseOne.Core", "ChooseOne.Core\ChooseOne.Core.csproj", "{82764C12-34DE-43CF-86FC-B9BE8CA961A8}"
EndProject
Project("{9A19103F-16F7-4668-BE54-9A1E7A4F7556}") = "ChooseOne.Database", "ChooseOne.Database\ChooseOne.Database.csproj", "{3F766C85-8623-4820-B22E-407775D7852C}"
EndProject
Project("{9A19103F-16F7-4668-BE54-9A1E7A4F7556}") = "ChooseOne.Wpf", "ChooseOne.Wpf\ChooseOne.Wpf.csproj", "{E9BE3BD6-B1D6-4780-903A-7B71125A3FD4}"
EndProject
Project("{C7167F0D-BC9F-4E6E-AFE1-012C56B48DB5}") = "ChooseOne.Bridge", "ChooseOne.Bridge\ChooseOne.Bridge.wapproj", "{690A50A9-0E8A-4E76-B128-88D840F46517}"
EndProject
Global
	GlobalSection(SolutionConfigurationPlatforms) = preSolution
		Debug|Any CPU = Debug|Any CPU
		Debug|ARM = Debug|ARM
		Debug|ARM64 = Debug|ARM64
		Debug|x64 = Debug|x64
		Debug|x86 = Debug|x86
		Release|Any CPU = Release|Any CPU
		Release|ARM = Release|ARM
		Release|ARM64 = Release|ARM64
		Release|x64 = Release|x64
		Release|x86 = Release|x86
	EndGlobalSection
	GlobalSection(ProjectConfigurationPlatforms) = postSolution
		{0BF75801-8A61-49D9-A29E-5EDD6C155A1F}.Debug|Any CPU.ActiveCfg = Debug|x64
		{0BF75801-8A61-49D9-A29E-5EDD6C155A1F}.Debug|Any CPU.Build.0 = Debug|x64
		{0BF75801-8A61-49D9-A29E-5EDD6C155A1F}.Debug|Any CPU.Deploy.0 = Debug|x64
		{0BF75801-8A61-49D9-A29E-5EDD6C155A1F}.Debug|ARM.ActiveCfg = Debug|ARM
		{0BF75801-8A61-49D9-A29E-5EDD6C155A1F}.Debug|ARM.Build.0 = Debug|ARM
		{0BF75801-8A61-49D9-A29E-5EDD6C155A1F}.Debug|ARM.Deploy.0 = Debug|ARM
		{0BF75801-8A61-49D9-A29E-5EDD6C155A1F}.Debug|ARM64.ActiveCfg = Debug|ARM64
		{0BF75801-8A61-49D9-A29E-5EDD6C155A1F}.Debug|ARM64.Build.0 = Debug|ARM64
		{0BF75801-8A61-49D9-A29E-5EDD6C155A1F}.Debug|ARM64.Deploy.0 = Debug|ARM64
		{0BF75801-8A61-49D9-A29E-5EDD6C155A1F}.Debug|x64.ActiveCfg = Debug|x64
		{0BF75801-8A61-49D9-A29E-5EDD6C155A1F}.Debug|x64.Build.0 = Debug|x64
		{0BF75801-8A61-49D9-A29E-5EDD6C155A1F}.Debug|x64.Deploy.0 = Debug|x64
		{0BF75801-8A61-49D9-A29E-5EDD6C155A1F}.Debug|x86.ActiveCfg = Debug|x86
		{0BF75801-8A61-49D9-A29E-5EDD6C155A1F}.Debug|x86.Build.0 = Debug|x86
		{0BF75801-8A61-49D9-A29E-5EDD6C155A1F}.Debug|x86.Deploy.0 = Debug|x86
		{0BF75801-8A61-49D9-A29E-5EDD6C155A1F}.Release|Any CPU.ActiveCfg = Release|x64
		{0BF75801-8A61-49D9-A29E-5EDD6C155A1F}.Release|Any CPU.Build.0 = Release|x64
		{0BF75801-8A61-49D9-A29E-5EDD6C155A1F}.Release|Any CPU.Deploy.0 = Release|x64
		{0BF75801-8A61-49D9-A29E-5EDD6C155A1F}.Release|ARM.ActiveCfg = Release|ARM
		{0BF75801-8A61-49D9-A29E-5EDD6C155A1F}.Release|ARM.Build.0 = Release|ARM
		{0BF75801-8A61-49D9-A29E-5EDD6C155A1F}.Release|ARM.Deploy.0 = Release|ARM
		{0BF75801-8A61-49D9-A29E-5EDD6C155A1F}.Release|ARM64.ActiveCfg = Release|ARM64
		{0BF75801-8A61-49D9-A29E-5EDD6C155A1F}.Release|ARM64.Build.0 = Release|ARM64
		{0BF75801-8A61-49D9-A29E-5EDD6C155A1F}.Release|ARM64.Deploy.0 = Release|ARM64
		{0BF75801-8A61-49D9-A29E-5EDD6C155A1F}.Release|x64.ActiveCfg = Release|x64
		{0BF75801-8A61-49D9-A29E-5EDD6C155A1F}.Release|x64.Build.0 = Release|x64
		{0BF75801-8A61-49D9-A29E-5EDD6C155A1F}.Release|x64.Deploy.0 = Release|x64
		{0BF75801-8A61-49D9-A29E-5EDD6C155A1F}.Release|x86.ActiveCfg = Release|x86
		{0BF75801-8A61-49D9-A29E-5EDD6C155A1F}.Release|x86.Build.0 = Release|x86
		{0BF75801-8A61-49D9-A29E-5EDD6C155A1F}.Release|x86.Deploy.0 = Release|x86
		{82764C12-34DE-43CF-86FC-B9BE8CA961A8}.Debug|Any CPU.ActiveCfg = Debug|Any CPU
		{82764C12-34DE-43CF-86FC-B9BE8CA961A8}.Debug|Any CPU.Build.0 = Debug|Any CPU
		{82764C12-34DE-43CF-86FC-B9BE8CA961A8}.Debug|ARM.ActiveCfg = Debug|Any CPU
		{82764C12-34DE-43CF-86FC-B9BE8CA961A8}.Debug|ARM.Build.0 = Debug|Any CPU
		{82764C12-34DE-43CF-86FC-B9BE8CA961A8}.Debug|ARM64.ActiveCfg = Debug|Any CPU
		{82764C12-34DE-43CF-86FC-B9BE8CA961A8}.Debug|ARM64.Build.0 = Debug|Any CPU
		{82764C12-34DE-43CF-86FC-B9BE8CA961A8}.Debug|x64.ActiveCfg = Debug|Any CPU
		{82764C12-34DE-43CF-86FC-B9BE8CA961A8}.Debug|x64.Build.0 = Debug|Any CPU
		{82764C12-34DE-43CF-86FC-B9BE8CA961A8}.Debug|x86.ActiveCfg = Debug|Any CPU
		{82764C12-34DE-43CF-86FC-B9BE8CA961A8}.Debug|x86.Build.0 = Debug|Any CPU
		{82764C12-34DE-43CF-86FC-B9BE8CA961A8}.Release|Any CPU.ActiveCfg = Release|Any CPU
		{82764C12-34DE-43CF-86FC-B9BE8CA961A8}.Release|Any CPU.Build.0 = Release|Any CPU
		{82764C12-34DE-43CF-86FC-B9BE8CA961A8}.Release|ARM.ActiveCfg = Release|Any CPU
		{82764C12-34DE-43CF-86FC-B9BE8CA961A8}.Release|ARM.Build.0 = Release|Any CPU
		{82764C12-34DE-43CF-86FC-B9BE8CA961A8}.Release|ARM64.ActiveCfg = Release|Any CPU
		{82764C12-34DE-43CF-86FC-B9BE8CA961A8}.Release|ARM64.Build.0 = Release|Any CPU
		{82764C12-34DE-43CF-86FC-B9BE8CA961A8}.Release|x64.ActiveCfg = Release|Any CPU
		{82764C12-34DE-43CF-86FC-B9BE8CA961A8}.Release|x64.Build.0 = Release|Any CPU
		{82764C12-34DE-43CF-86FC-B9BE8CA961A8}.Release|x86.ActiveCfg = Release|Any CPU
		{82764C12-34DE-43CF-86FC-B9BE8CA961A8}.Release|x86.Build.0 = Release|Any CPU
		{3F766C85-8623-4820-B22E-407775D7852C}.Debug|Any CPU.ActiveCfg = Debug|Any CPU
		{3F766C85-8623-4820-B22E-407775D7852C}.Debug|Any CPU.Build.0 = Debug|Any CPU
		{3F766C85-8623-4820-B22E-407775D7852C}.Debug|ARM.ActiveCfg = Debug|Any CPU
		{3F766C85-8623-4820-B22E-407775D7852C}.Debug|ARM.Build.0 = Debug|Any CPU
		{3F766C85-8623-4820-B22E-407775D7852C}.Debug|ARM64.ActiveCfg = Debug|Any CPU
		{3F766C85-8623-4820-B22E-407775D7852C}.Debug|ARM64.Build.0 = Debug|Any CPU
		{3F766C85-8623-4820-B22E-407775D7852C}.Debug|x64.ActiveCfg = Debug|Any CPU
		{3F766C85-8623-4820-B22E-407775D7852C}.Debug|x64.Build.0 = Debug|Any CPU
		{3F766C85-8623-4820-B22E-407775D7852C}.Debug|x86.ActiveCfg = Debug|Any CPU
		{3F766C85-8623-4820-B22E-407775D7852C}.Debug|x86.Build.0 = Debug|Any CPU
		{3F766C85-8623-4820-B22E-407775D7852C}.Release|Any CPU.ActiveCfg = Release|Any CPU
		{3F766C85-8623-4820-B22E-407775D7852C}.Release|Any CPU.Build.0 = Release|Any CPU
		{3F766C85-8623-4820-B22E-407775D7852C}.Release|ARM.ActiveCfg = Release|Any CPU
		{3F766C85-8623-4820-B22E-407775D7852C}.Release|ARM.Build.0 = Release|Any CPU
		{3F766C85-8623-4820-B22E-407775D7852C}.Release|ARM64.ActiveCfg = Release|Any CPU
		{3F766C85-8623-4820-B22E-407775D7852C}.Release|ARM64.Build.0 = Release|Any CPU
		{3F766C85-8623-4820-B22E-407775D7852C}.Release|x64.ActiveCfg = Release|Any CPU
		{3F766C85-8623-4820-B22E-407775D7852C}.Release|x64.Build.0 = Release|Any CPU
		{3F766C85-8623-4820-B22E-407775D7852C}.Release|x86.ActiveCfg = Release|Any CPU
		{3F766C85-8623-4820-B22E-407775D7852C}.Release|x86.Build.0 = Release|Any CPU
		{E9BE3BD6-B1D6-4780-903A-7B71125A3FD4}.Debug|Any CPU.ActiveCfg = Debug|Any CPU
		{E9BE3BD6-B1D6-4780-903A-7B71125A3FD4}.Debug|Any CPU.Build.0 = Debug|Any CPU
		{E9BE3BD6-B1D6-4780-903A-7B71125A3FD4}.Debug|ARM.ActiveCfg = Debug|Any CPU
		{E9BE3BD6-B1D6-4780-903A-7B71125A3FD4}.Debug|ARM.Build.0 = Debug|Any CPU
		{E9BE3BD6-B1D6-4780-903A-7B71125A3FD4}.Debug|ARM64.ActiveCfg = Debug|Any CPU
		{E9BE3BD6-B1D6-4780-903A-7B71125A3FD4}.Debug|ARM64.Build.0 = Debug|Any CPU
		{E9BE3BD6-B1D6-4780-903A-7B71125A3FD4}.Debug|x64.ActiveCfg = Debug|Any CPU
		{E9BE3BD6-B1D6-4780-903A-7B71125A3FD4}.Debug|x64.Build.0 = Debug|Any CPU
		{E9BE3BD6-B1D6-4780-903A-7B71125A3FD4}.Debug|x86.ActiveCfg = Debug|Any CPU
		{E9BE3BD6-B1D6-4780-903A-7B71125A3FD4}.Debug|x86.Build.0 = Debug|Any CPU
		{E9BE3BD6-B1D6-4780-903A-7B71125A3FD4}.Release|Any CPU.ActiveCfg = Release|Any CPU
		{E9BE3BD6-B1D6-4780-903A-7B71125A3FD4}.Release|Any CPU.Build.0 = Release|Any CPU
		{E9BE3BD6-B1D6-4780-903A-7B71125A3FD4}.Release|ARM.ActiveCfg = Release|Any CPU
		{E9BE3BD6-B1D6-4780-903A-7B71125A3FD4}.Release|ARM.Build.0 = Release|Any CPU
		{E9BE3BD6-B1D6-4780-903A-7B71125A3FD4}.Release|ARM64.ActiveCfg = Release|Any CPU
		{E9BE3BD6-B1D6-4780-903A-7B71125A3FD4}.Release|ARM64.Build.0 = Release|Any CPU
		{E9BE3BD6-B1D6-4780-903A-7B71125A3FD4}.Release|x64.ActiveCfg = Release|Any CPU
		{E9BE3BD6-B1D6-4780-903A-7B71125A3FD4}.Release|x64.Build.0 = Release|Any CPU
		{E9BE3BD6-B1D6-4780-903A-7B71125A3FD4}.Release|x86.ActiveCfg = Release|Any CPU
		{E9BE3BD6-B1D6-4780-903A-7B71125A3FD4}.Release|x86.Build.0 = Release|Any CPU
		{690A50A9-0E8A-4E76-B128-88D840F46517}.Debug|Any CPU.ActiveCfg = Debug|Any CPU
		{690A50A9-0E8A-4E76-B128-88D840F46517}.Debug|Any CPU.Build.0 = Debug|Any CPU
		{690A50A9-0E8A-4E76-B128-88D840F46517}.Debug|Any CPU.Deploy.0 = Debug|Any CPU
		{690A50A9-0E8A-4E76-B128-88D840F46517}.Debug|ARM.ActiveCfg = Debug|ARM
		{690A50A9-0E8A-4E76-B128-88D840F46517}.Debug|ARM.Build.0 = Debug|ARM
		{690A50A9-0E8A-4E76-B128-88D840F46517}.Debug|ARM.Deploy.0 = Debug|ARM
		{690A50A9-0E8A-4E76-B128-88D840F46517}.Debug|ARM64.ActiveCfg = Debug|ARM64
		{690A50A9-0E8A-4E76-B128-88D840F46517}.Debug|ARM64.Build.0 = Debug|ARM64
		{690A50A9-0E8A-4E76-B128-88D840F46517}.Debug|ARM64.Deploy.0 = Debug|ARM64
		{690A50A9-0E8A-4E76-B128-88D840F46517}.Debug|x64.ActiveCfg = Debug|x64
		{690A50A9-0E8A-4E76-B128-88D840F46517}.Debug|x64.Build.0 = Debug|x64
		{690A50A9-0E8A-4E76-B128-88D840F46517}.Debug|x64.Deploy.0 = Debug|x64
		{690A50A9-0E8A-4E76-B128-88D840F46517}.Debug|x86.ActiveCfg = Debug|x86
		{690A50A9-0E8A-4E76-B128-88D840F46517}.Debug|x86.Build.0 = Debug|x86
		{690A50A9-0E8A-4E76-B128-88D840F46517}.Debug|x86.Deploy.0 = Debug|x86
		{690A50A9-0E8A-4E76-B128-88D840F46517}.Release|Any CPU.ActiveCfg = Release|Any CPU
		{690A50A9-0E8A-4E76-B128-88D840F46517}.Release|Any CPU.Build.0 = Release|Any CPU
		{690A50A9-0E8A-4E76-B128-88D840F46517}.Release|Any CPU.Deploy.0 = Release|Any CPU
		{690A50A9-0E8A-4E76-B128-88D840F46517}.Release|ARM.ActiveCfg = Release|ARM
		{690A50A9-0E8A-4E76-B128-88D840F46517}.Release|ARM.Build.0 = Release|ARM
		{690A50A9-0E8A-4E76-B128-88D840F46517}.Release|ARM.Deploy.0 = Release|ARM
		{690A50A9-0E8A-4E76-B128-88D840F46517}.Release|ARM64.ActiveCfg = Release|ARM64
		{690A50A9-0E8A-4E76-B128-88D840F46517}.Release|ARM64.Build.0 = Release|ARM64
		{690A50A9-0E8A-4E76-B128-88D840F46517}.Release|ARM64.Deploy.0 = Release|ARM64
		{690A50A9-0E8A-4E76-B128-88D840F46517}.Release|x64.ActiveCfg = Release|x64
		{690A50A9-0E8A-4E76-B128-88D840F46517}.Release|x64.Build.0 = Release|x64
		{690A50A9-0E8A-4E76-B128-88D840F46517}.Release|x64.Deploy.0 = Release|x64
		{690A50A9-0E8A-4E76-B128-88D840F46517}.Release|x86.ActiveCfg = Release|x86
		{690A50A9-0E8A-4E76-B128-88D840F46517}.Release|x86.Build.0 = Release|x86
		{690A50A9-0E8A-4E76-B128-88D840F46517}.Release|x86.Deploy.0 = Release|x86
	EndGlobalSection
	GlobalSection(SolutionProperties) = preSolution
		HideSolutionNode = FALSE
	EndGlobalSection
	GlobalSection(ExtensibilityGlobals) = postSolution
		SolutionGuid = {76933144-A38B-4E5F-B1E1-208F2235EC96}
	EndGlobalSection
EndGlobal
